
Microsoft Visual Studio Solution File, Format Version 12.00
# Visual Studio 15
VisualStudioVersion = 15.0.26730.16
MinimumVisualStudioVersion = 10.0.40219.1
Project("{FAE04EC0-301F-11D3-BF4B-00C04F79EFBC}") = "Calculator", "src\Calculator\Calculator.csproj", "{98BC2CC4-3A87-4953-9528-AB1E31DB60AE}"
EndProject
Project("{FAE04EC0-301F-11D3-BF4B-00C04F79EFBC}") = "StringExpressionCalculator", "src\CalcBll\StringExpressionCalculator.csproj", "{7E9464B7-D133-4813-83ED-DDD58937F657}"
EndProject
Project("{FAE04EC0-301F-11D3-BF4B-00C04F79EFBC}") = "CalcBll.Test", "tests\CalcBll.IntegrationTest\CalcBll.Test.csproj", "{5AD482B7-FAAA-4FA7-837E-BF808D7A43FC}"
EndProject
Project("{2150E333-8FDC-42A3-9474-1A3956D46DE8}") = "src", "src", "{CD7EAE8F-7AA5-4630-A7E5-FEA19B6EA233}"
EndProject
Project("{2150E333-8FDC-42A3-9474-1A3956D46DE8}") = "tests", "tests", "{3F83CA74-80EB-4376-A26E-E3D6E70868F4}"
EndProject
Global
	GlobalSection(SolutionConfigurationPlatforms) = preSolution
		Debug|Any CPU = Debug|Any CPU
		Release|Any CPU = Release|Any CPU
	EndGlobalSection
	GlobalSection(ProjectConfigurationPlatforms) = postSolution
		{98BC2CC4-3A87-4953-9528-AB1E31DB60AE}.Debug|Any CPU.ActiveCfg = Debug|Any CPU
		{98BC2CC4-3A87-4953-9528-AB1E31DB60AE}.Debug|Any CPU.Build.0 = Debug|Any CPU
		{98BC2CC4-3A87-4953-9528-AB1E31DB60AE}.Release|Any CPU.ActiveCfg = Release|Any CPU
		{98BC2CC4-3A87-4953-9528-AB1E31DB60AE}.Release|Any CPU.Build.0 = Release|Any CPU
		{7E9464B7-D133-4813-83ED-DDD58937F657}.Debug|Any CPU.ActiveCfg = Debug|Any CPU
		{7E9464B7-D133-4813-83ED-DDD58937F657}.Debug|Any CPU.Build.0 = Debug|Any CPU
		{7E9464B7-D133-4813-83ED-DDD58937F657}.Release|Any CPU.ActiveCfg = Release|Any CPU
		{7E9464B7-D133-4813-83ED-DDD58937F657}.Release|Any CPU.Build.0 = Release|Any CPU
		{5AD482B7-FAAA-4FA7-837E-BF808D7A43FC}.Debug|Any CPU.ActiveCfg = Debug|Any CPU
		{5AD482B7-FAAA-4FA7-837E-BF808D7A43FC}.Debug|Any CPU.Build.0 = Debug|Any CPU
		{5AD482B7-FAAA-4FA7-837E-BF808D7A43FC}.Release|Any CPU.ActiveCfg = Release|Any CPU
		{5AD482B7-FAAA-4FA7-837E-BF808D7A43FC}.Release|Any CPU.Build.0 = Release|Any CPU
	EndGlobalSection
	GlobalSection(SolutionProperties) = preSolution
		HideSolutionNode = FALSE
	EndGlobalSection
	GlobalSection(NestedProjects) = preSolution
		{98BC2CC4-3A87-4953-9528-AB1E31DB60AE} = {CD7EAE8F-7AA5-4630-A7E5-FEA19B6EA233}
		{7E9464B7-D133-4813-83ED-DDD58937F657} = {CD7EAE8F-7AA5-4630-A7E5-FEA19B6EA233}
		{5AD482B7-FAAA-4FA7-837E-BF808D7A43FC} = {3F83CA74-80EB-4376-A26E-E3D6E70868F4}
	EndGlobalSection
	GlobalSection(ExtensibilityGlobals) = postSolution
		SolutionGuid = {35C88758-CB4F-4691-B8EE-AC4926176A3B}
	EndGlobalSection
EndGlobal
